
Microsoft Visual Studio Solution File, Format Version 12.00
# Visual Studio 2012
Project("{FAE04EC0-301F-11D3-BF4B-00C04F79EFBC}") = "Comp229-Assign01", "Comp229-Assign01.\Comp229-Assign01.csproj", "{523B086F-2481-4D3E-8B56-E3D130E003DF}"
EndProject
Global
	GlobalSection(SolutionConfigurationPlatforms) = preSolution
		Debug|Any CPU = Debug|Any CPU
		Release|Any CPU = Release|Any CPU
	EndGlobalSection
	GlobalSection(ProjectConfigurationPlatforms) = postSolution
		{523B086F-2481-4D3E-8B56-E3D130E003DF}.Debug|Any CPU.ActiveCfg = Debug|Any CPU
		{523B086F-2481-4D3E-8B56-E3D130E003DF}.Debug|Any CPU.Build.0 = Debug|Any CPU
		{523B086F-2481-4D3E-8B56-E3D130E003DF}.Release|Any CPU.ActiveCfg = Release|Any CPU
		{523B086F-2481-4D3E-8B56-E3D130E003DF}.Release|Any CPU.Build.0 = Release|Any CPU
	EndGlobalSection
	GlobalSection(SolutionProperties) = preSolution
		HideSolutionNode = FALSE
	EndGlobalSection
EndGlobal
